
Microsoft Visual Studio Solution File, Format Version 12.00
# Visual Studio Version 17
VisualStudioVersion = 17.0.31903.59
MinimumVisualStudioVersion = 10.0.40219.1
Project("{2150E333-8FDC-42A3-9474-1A3956D46DE8}") = "src", "src", "{827E0CD3-B72D-47B6-A68D-7590B98EB39B}"
EndProject
Project("{FAE04EC0-301F-11D3-BF4B-00C04F79EFBC}") = "DOSFinal.API", "src\DOSFinal.API\DOSFinal.API.csproj", "{04811BC1-2B7D-4444-9C44-E783E0924AE1}"
EndProject
Project("{FAE04EC0-301F-11D3-BF4B-00C04F79EFBC}") = "DOSFinal.Domain", "src\DOSFinal.Domain\DOSFinal.Domain.csproj", "{0F20BC05-43EF-4C94-A2BC-A16A13C5FD17}"
EndProject
Project("{FAE04EC0-301F-11D3-BF4B-00C04F79EFBC}") = "DOSFinal.Application", "src\DOSFinal.Application\DOSFinal.Application.csproj", "{AB4CF869-5B50-4B71-9D31-6D733A9DABB3}"
EndProject
Project("{FAE04EC0-301F-11D3-BF4B-00C04F79EFBC}") = "DOSFinal.Infrastructure", "src\DOSFinal.Infrastructure\DOSFinal.Infrastructure.csproj", "{7D45F9C0-8074-4C42-81F2-F3BF5542A703}"
EndProject
Project("{2150E333-8FDC-42A3-9474-1A3956D46DE8}") = "tests", "tests", "{0AB3BF05-4346-4AA6-1389-037BE0695223}"
EndProject
Project("{FAE04EC0-301F-11D3-BF4B-00C04F79EFBC}") = "DOSFinal.Tests", "tests\DOSFinal.Tests\DOSFinal.Tests.csproj", "{AB278712-C6E5-4EE8-80B0-05DCDDCFC9D6}"
EndProject
Global
	GlobalSection(SolutionConfigurationPlatforms) = preSolution
		Debug|Any CPU = Debug|Any CPU
		Debug|x64 = Debug|x64
		Debug|x86 = Debug|x86
		Release|Any CPU = Release|Any CPU
		Release|x64 = Release|x64
		Release|x86 = Release|x86
	EndGlobalSection
	GlobalSection(ProjectConfigurationPlatforms) = postSolution
		{04811BC1-2B7D-4444-9C44-E783E0924AE1}.Debug|Any CPU.ActiveCfg = Debug|Any CPU
		{04811BC1-2B7D-4444-9C44-E783E0924AE1}.Debug|Any CPU.Build.0 = Debug|Any CPU
		{04811BC1-2B7D-4444-9C44-E783E0924AE1}.Debug|x64.ActiveCfg = Debug|Any CPU
		{04811BC1-2B7D-4444-9C44-E783E0924AE1}.Debug|x64.Build.0 = Debug|Any CPU
		{04811BC1-2B7D-4444-9C44-E783E0924AE1}.Debug|x86.ActiveCfg = Debug|Any CPU
		{04811BC1-2B7D-4444-9C44-E783E0924AE1}.Debug|x86.Build.0 = Debug|Any CPU
		{04811BC1-2B7D-4444-9C44-E783E0924AE1}.Release|Any CPU.ActiveCfg = Release|Any CPU
		{04811BC1-2B7D-4444-9C44-E783E0924AE1}.Release|Any CPU.Build.0 = Release|Any CPU
		{04811BC1-2B7D-4444-9C44-E783E0924AE1}.Release|x64.ActiveCfg = Release|Any CPU
		{04811BC1-2B7D-4444-9C44-E783E0924AE1}.Release|x64.Build.0 = Release|Any CPU
		{04811BC1-2B7D-4444-9C44-E783E0924AE1}.Release|x86.ActiveCfg = Release|Any CPU
		{04811BC1-2B7D-4444-9C44-E783E0924AE1}.Release|x86.Build.0 = Release|Any CPU
		{0F20BC05-43EF-4C94-A2BC-A16A13C5FD17}.Debug|Any CPU.ActiveCfg = Debug|Any CPU
		{0F20BC05-43EF-4C94-A2BC-A16A13C5FD17}.Debug|Any CPU.Build.0 = Debug|Any CPU
		{0F20BC05-43EF-4C94-A2BC-A16A13C5FD17}.Debug|x64.ActiveCfg = Debug|Any CPU
		{0F20BC05-43EF-4C94-A2BC-A16A13C5FD17}.Debug|x64.Build.0 = Debug|Any CPU
		{0F20BC05-43EF-4C94-A2BC-A16A13C5FD17}.Debug|x86.ActiveCfg = Debug|Any CPU
		{0F20BC05-43EF-4C94-A2BC-A16A13C5FD17}.Debug|x86.Build.0 = Debug|Any CPU
		{0F20BC05-43EF-4C94-A2BC-A16A13C5FD17}.Release|Any CPU.ActiveCfg = Release|Any CPU
		{0F20BC05-43EF-4C94-A2BC-A16A13C5FD17}.Release|Any CPU.Build.0 = Release|Any CPU
		{0F20BC05-43EF-4C94-A2BC-A16A13C5FD17}.Release|x64.ActiveCfg = Release|Any CPU
		{0F20BC05-43EF-4C94-A2BC-A16A13C5FD17}.Release|x64.Build.0 = Release|Any CPU
		{0F20BC05-43EF-4C94-A2BC-A16A13C5FD17}.Release|x86.ActiveCfg = Release|Any CPU
		{0F20BC05-43EF-4C94-A2BC-A16A13C5FD17}.Release|x86.Build.0 = Release|Any CPU
		{AB4CF869-5B50-4B71-9D31-6D733A9DABB3}.Debug|Any CPU.ActiveCfg = Debug|Any CPU
		{AB4CF869-5B50-4B71-9D31-6D733A9DABB3}.Debug|Any CPU.Build.0 = Debug|Any CPU
		{AB4CF869-5B50-4B71-9D31-6D733A9DABB3}.Debug|x64.ActiveCfg = Debug|Any CPU
		{AB4CF869-5B50-4B71-9D31-6D733A9DABB3}.Debug|x64.Build.0 = Debug|Any CPU
		{AB4CF869-5B50-4B71-9D31-6D733A9DABB3}.Debug|x86.ActiveCfg = Debug|Any CPU
		{AB4CF869-5B50-4B71-9D31-6D733A9DABB3}.Debug|x86.Build.0 = Debug|Any CPU
		{AB4CF869-5B50-4B71-9D31-6D733A9DABB3}.Release|Any CPU.ActiveCfg = Release|Any CPU
		{AB4CF869-5B50-4B71-9D31-6D733A9DABB3}.Release|Any CPU.Build.0 = Release|Any CPU
		{AB4CF869-5B50-4B71-9D31-6D733A9DABB3}.Release|x64.ActiveCfg = Release|Any CPU
		{AB4CF869-5B50-4B71-9D31-6D733A9DABB3}.Release|x64.Build.0 = Release|Any CPU
		{AB4CF869-5B50-4B71-9D31-6D733A9DABB3}.Release|x86.ActiveCfg = Release|Any CPU
		{AB4CF869-5B50-4B71-9D31-6D733A9DABB3}.Release|x86.Build.0 = Release|Any CPU
		{7D45F9C0-8074-4C42-81F2-F3BF5542A703}.Debug|Any CPU.ActiveCfg = Debug|Any CPU
		{7D45F9C0-8074-4C42-81F2-F3BF5542A703}.Debug|Any CPU.Build.0 = Debug|Any CPU
		{7D45F9C0-8074-4C42-81F2-F3BF5542A703}.Debug|x64.ActiveCfg = Debug|Any CPU
		{7D45F9C0-8074-4C42-81F2-F3BF5542A703}.Debug|x64.Build.0 = Debug|Any CPU
		{7D45F9C0-8074-4C42-81F2-F3BF5542A703}.Debug|x86.ActiveCfg = Debug|Any CPU
		{7D45F9C0-8074-4C42-81F2-F3BF5542A703}.Debug|x86.Build.0 = Debug|Any CPU
		{7D45F9C0-8074-4C42-81F2-F3BF5542A703}.Release|Any CPU.ActiveCfg = Release|Any CPU
		{7D45F9C0-8074-4C42-81F2-F3BF5542A703}.Release|Any CPU.Build.0 = Release|Any CPU
		{7D45F9C0-8074-4C42-81F2-F3BF5542A703}.Release|x64.ActiveCfg = Release|Any CPU
		{7D45F9C0-8074-4C42-81F2-F3BF5542A703}.Release|x64.Build.0 = Release|Any CPU
		{7D45F9C0-8074-4C42-81F2-F3BF5542A703}.Release|x86.ActiveCfg = Release|Any CPU
		{7D45F9C0-8074-4C42-81F2-F3BF5542A703}.Release|x86.Build.0 = Release|Any CPU
		{AB278712-C6E5-4EE8-80B0-05DCDDCFC9D6}.Debug|Any CPU.ActiveCfg = Debug|Any CPU
		{AB278712-C6E5-4EE8-80B0-05DCDDCFC9D6}.Debug|Any CPU.Build.0 = Debug|Any CPU
		{AB278712-C6E5-4EE8-80B0-05DCDDCFC9D6}.Debug|x64.ActiveCfg = Debug|Any CPU
		{AB278712-C6E5-4EE8-80B0-05DCDDCFC9D6}.Debug|x64.Build.0 = Debug|Any CPU
		{AB278712-C6E5-4EE8-80B0-05DCDDCFC9D6}.Debug|x86.ActiveCfg = Debug|Any CPU
		{AB278712-C6E5-4EE8-80B0-05DCDDCFC9D6}.Debug|x86.Build.0 = Debug|Any CPU
		{AB278712-C6E5-4EE8-80B0-05DCDDCFC9D6}.Release|Any CPU.ActiveCfg = Release|Any CPU
		{AB278712-C6E5-4EE8-80B0-05DCDDCFC9D6}.Release|Any CPU.Build.0 = Release|Any CPU
		{AB278712-C6E5-4EE8-80B0-05DCDDCFC9D6}.Release|x64.ActiveCfg = Release|Any CPU
		{AB278712-C6E5-4EE8-80B0-05DCDDCFC9D6}.Release|x64.Build.0 = Release|Any CPU
		{AB278712-C6E5-4EE8-80B0-05DCDDCFC9D6}.Release|x86.ActiveCfg = Release|Any CPU
		{AB278712-C6E5-4EE8-80B0-05DCDDCFC9D6}.Release|x86.Build.0 = Release|Any CPU
	EndGlobalSection
	GlobalSection(SolutionProperties) = preSolution
		HideSolutionNode = FALSE
	EndGlobalSection
	GlobalSection(NestedProjects) = preSolution
		{04811BC1-2B7D-4444-9C44-E783E0924AE1} = {827E0CD3-B72D-47B6-A68D-7590B98EB39B}
		{0F20BC05-43EF-4C94-A2BC-A16A13C5FD17} = {827E0CD3-B72D-47B6-A68D-7590B98EB39B}
		{AB4CF869-5B50-4B71-9D31-6D733A9DABB3} = {827E0CD3-B72D-47B6-A68D-7590B98EB39B}
		{7D45F9C0-8074-4C42-81F2-F3BF5542A703} = {827E0CD3-B72D-47B6-A68D-7590B98EB39B}
		{AB278712-C6E5-4EE8-80B0-05DCDDCFC9D6} = {0AB3BF05-4346-4AA6-1389-037BE0695223}
	EndGlobalSection
EndGlobal
